
Microsoft Visual Studio Solution File, Format Version 12.00
# Visual Studio Version 17
VisualStudioVersion = 17.3.32819.101
MinimumVisualStudioVersion = 10.0.40219.1
Project("{FAE04EC0-301F-11D3-BF4B-00C04F79EFBC}") = "HotelListing", "HotelListing\HotelListing.csproj", "{BB265BF0-0A73-4E73-A55C-C4AD76002965}"
EndProject
Global
	GlobalSection(SolutionConfigurationPlatforms) = preSolution
		Debug|Any CPU = Debug|Any CPU
		Release|Any CPU = Release|Any CPU
	EndGlobalSection
	GlobalSection(ProjectConfigurationPlatforms) = postSolution
		{BB265BF0-0A73-4E73-A55C-C4AD76002965}.Debug|Any CPU.ActiveCfg = Debug|Any CPU
		{BB265BF0-0A73-4E73-A55C-C4AD76002965}.Debug|Any CPU.Build.0 = Debug|Any CPU
		{BB265BF0-0A73-4E73-A55C-C4AD76002965}.Release|Any CPU.ActiveCfg = Release|Any CPU
		{BB265BF0-0A73-4E73-A55C-C4AD76002965}.Release|Any CPU.Build.0 = Release|Any CPU
	EndGlobalSection
	GlobalSection(SolutionProperties) = preSolution
		HideSolutionNode = FALSE
	EndGlobalSection
	GlobalSection(ExtensibilityGlobals) = postSolution
		SolutionGuid = {C7136675-3E0C-4863-AF04-12916FD03BC1}
	EndGlobalSection
EndGlobal
